
Microsoft Visual Studio Solution File, Format Version 12.00
# Visual Studio Version 16
VisualStudioVersion = 16.0.29324.140
MinimumVisualStudioVersion = 10.0.40219.1
Project("{FAE04EC0-301F-11D3-BF4B-00C04F79EFBC}") = "BwInfAufgabe2", "BwInfAufgabe2\BwInfAufgabe2.csproj", "{8BA3705A-7738-4953-9E3D-FFCE59790A35}"
EndProject
Global
	GlobalSection(SolutionConfigurationPlatforms) = preSolution
		Debug|Any CPU = Debug|Any CPU
		Release|Any CPU = Release|Any CPU
	EndGlobalSection
	GlobalSection(ProjectConfigurationPlatforms) = postSolution
		{8BA3705A-7738-4953-9E3D-FFCE59790A35}.Debug|Any CPU.ActiveCfg = Debug|Any CPU
		{8BA3705A-7738-4953-9E3D-FFCE59790A35}.Debug|Any CPU.Build.0 = Debug|Any CPU
		{8BA3705A-7738-4953-9E3D-FFCE59790A35}.Release|Any CPU.ActiveCfg = Release|Any CPU
		{8BA3705A-7738-4953-9E3D-FFCE59790A35}.Release|Any CPU.Build.0 = Release|Any CPU
	EndGlobalSection
	GlobalSection(SolutionProperties) = preSolution
		HideSolutionNode = FALSE
	EndGlobalSection
	GlobalSection(ExtensibilityGlobals) = postSolution
		SolutionGuid = {E7D622C4-CEA2-4A33-94B9-52F787D38A72}
	EndGlobalSection
EndGlobal
